
Microsoft Visual Studio Solution File, Format Version 12.00
# Visual Studio Version 17
VisualStudioVersion = 17.5.33627.172
MinimumVisualStudioVersion = 10.0.40219.1
Project("{FAE04EC0-301F-11D3-BF4B-00C04F79EFBC}") = "btr.winform48", "btr.winform48\btr.winform48.csproj", "{D0B405B7-A7F2-48CA-93A7-79D0E0E53BD4}"
EndProject
Project("{FAE04EC0-301F-11D3-BF4B-00C04F79EFBC}") = "btr.domain", "btr.domain\btr.domain.csproj", "{ACE2AD5E-370D-42F8-87B8-ABA7EB912CAF}"
EndProject
Project("{FAE04EC0-301F-11D3-BF4B-00C04F79EFBC}") = "btr.application", "btr.application\btr.application.csproj", "{17098751-662A-450A-AE8F-5A7224F134EC}"
EndProject
Project("{FAE04EC0-301F-11D3-BF4B-00C04F79EFBC}") = "btr.infrastructure", "btr.infrastructure\btr.infrastructure.csproj", "{40CEA902-0397-4184-8A68-A2915FDAD475}"
EndProject
Project("{FAE04EC0-301F-11D3-BF4B-00C04F79EFBC}") = "btr.nuna", "btr.nuna\btr.nuna.csproj", "{B110355B-480D-4017-82DC-C3E74FA198E6}"
EndProject
Global
	GlobalSection(SolutionConfigurationPlatforms) = preSolution
		Debug|Any CPU = Debug|Any CPU
		Release|Any CPU = Release|Any CPU
	EndGlobalSection
	GlobalSection(ProjectConfigurationPlatforms) = postSolution
		{D0B405B7-A7F2-48CA-93A7-79D0E0E53BD4}.Debug|Any CPU.ActiveCfg = Debug|Any CPU
		{D0B405B7-A7F2-48CA-93A7-79D0E0E53BD4}.Debug|Any CPU.Build.0 = Debug|Any CPU
		{D0B405B7-A7F2-48CA-93A7-79D0E0E53BD4}.Release|Any CPU.ActiveCfg = Release|Any CPU
		{D0B405B7-A7F2-48CA-93A7-79D0E0E53BD4}.Release|Any CPU.Build.0 = Release|Any CPU
		{ACE2AD5E-370D-42F8-87B8-ABA7EB912CAF}.Debug|Any CPU.ActiveCfg = Debug|Any CPU
		{ACE2AD5E-370D-42F8-87B8-ABA7EB912CAF}.Debug|Any CPU.Build.0 = Debug|Any CPU
		{ACE2AD5E-370D-42F8-87B8-ABA7EB912CAF}.Release|Any CPU.ActiveCfg = Release|Any CPU
		{ACE2AD5E-370D-42F8-87B8-ABA7EB912CAF}.Release|Any CPU.Build.0 = Release|Any CPU
		{17098751-662A-450A-AE8F-5A7224F134EC}.Debug|Any CPU.ActiveCfg = Debug|Any CPU
		{17098751-662A-450A-AE8F-5A7224F134EC}.Debug|Any CPU.Build.0 = Debug|Any CPU
		{17098751-662A-450A-AE8F-5A7224F134EC}.Release|Any CPU.ActiveCfg = Release|Any CPU
		{17098751-662A-450A-AE8F-5A7224F134EC}.Release|Any CPU.Build.0 = Release|Any CPU
		{40CEA902-0397-4184-8A68-A2915FDAD475}.Debug|Any CPU.ActiveCfg = Debug|Any CPU
		{40CEA902-0397-4184-8A68-A2915FDAD475}.Debug|Any CPU.Build.0 = Debug|Any CPU
		{40CEA902-0397-4184-8A68-A2915FDAD475}.Release|Any CPU.ActiveCfg = Release|Any CPU
		{40CEA902-0397-4184-8A68-A2915FDAD475}.Release|Any CPU.Build.0 = Release|Any CPU
		{B110355B-480D-4017-82DC-C3E74FA198E6}.Debug|Any CPU.ActiveCfg = Debug|Any CPU
		{B110355B-480D-4017-82DC-C3E74FA198E6}.Debug|Any CPU.Build.0 = Debug|Any CPU
		{B110355B-480D-4017-82DC-C3E74FA198E6}.Release|Any CPU.ActiveCfg = Release|Any CPU
		{B110355B-480D-4017-82DC-C3E74FA198E6}.Release|Any CPU.Build.0 = Release|Any CPU
	EndGlobalSection
	GlobalSection(SolutionProperties) = preSolution
		HideSolutionNode = FALSE
	EndGlobalSection
	GlobalSection(ExtensibilityGlobals) = postSolution
		SolutionGuid = {88830304-3660-4882-8E33-EF195FBC9AC9}
	EndGlobalSection
EndGlobal
